
Microsoft Visual Studio Solution File, Format Version 12.00
# Visual Studio 15
VisualStudioVersion = 15.0.28307.329
MinimumVisualStudioVersion = 10.0.40219.1
Project("{2150E333-8FDC-42A3-9474-1A3956D46DE8}") = "Entities", "Entities", "{EE6882F6-DC43-423D-93EA-6580BC9432EC}"
EndProject
Project("{2150E333-8FDC-42A3-9474-1A3956D46DE8}") = "Data", "Data", "{03B7D9F2-067F-4551-8D06-AFB16C7CD81C}"
EndProject
Project("{2150E333-8FDC-42A3-9474-1A3956D46DE8}") = "Domain", "Domain", "{6E6CC461-F197-4E6B-B447-EA1E1FDD694D}"
EndProject
Project("{FAE04EC0-301F-11D3-BF4B-00C04F79EFBC}") = "App.Data.DataAccess", "App.Data.DataAccess\App.Data.DataAccess.csproj", "{D1B73E59-9691-4C9D-A174-9A13DC008890}"
EndProject
Project("{FAE04EC0-301F-11D3-BF4B-00C04F79EFBC}") = "App.Entities.Base", "App.Entities.Base\App.Entities.Base.csproj", "{5743D4E8-93D4-4183-BBCE-AD1CD60D0FFA}"
EndProject
Project("{FAE04EC0-301F-11D3-BF4B-00C04F79EFBC}") = "App.Data.Repository.Interface", "App.Data.Repository.Interface\App.Data.Repository.Interface.csproj", "{9793BE93-31DE-474B-86BC-A56A470E9062}"
EndProject
Project("{FAE04EC0-301F-11D3-BF4B-00C04F79EFBC}") = "App.Data.Repository", "App.Data.Repository\App.Data.Repository.csproj", "{4212A1F3-31EA-4809-923B-0AE10B6EA97D}"
EndProject
Project("{FAE04EC0-301F-11D3-BF4B-00C04F79EFBC}") = "App.Data.Repository.Test", "App.Data.Repository.Test\App.Data.Repository.Test.csproj", "{C9CBD1CD-037D-4B65-AA50-FB650DC2E272}"
EndProject
Project("{FAE04EC0-301F-11D3-BF4B-00C04F79EFBC}") = "App.Domain.Interfaces", "App.Domain.Interfaces\App.Domain.Interfaces.csproj", "{CD5B7CC9-4B2B-4C3E-BC51-FA08C895C779}"
EndProject
Project("{FAE04EC0-301F-11D3-BF4B-00C04F79EFBC}") = "App.Domain", "App.Domain\App.Domain.csproj", "{F1BFFC16-F205-4F90-9DDE-93197D7D4F95}"
EndProject
Project("{2150E333-8FDC-42A3-9474-1A3956D46DE8}") = "UI", "UI", "{13AFD173-43C6-4FAA-920D-3815A19D9A6F}"
EndProject
Project("{FAE04EC0-301F-11D3-BF4B-00C04F79EFBC}") = "App.UI.Web.MVC", "App.UI.Web.MVC\App.UI.Web.MVC.csproj", "{1CF86E7B-3EF2-47CF-A3CB-25C1308EE118}"
EndProject
Project("{FAE04EC0-301F-11D3-BF4B-00C04F79EFBC}") = "App.Entities.Queries", "App.Entities.Queries\App.Entities.Queries.csproj", "{9A6E6C8C-C2CB-48B1-AC45-DF05AC5CD9E6}"
EndProject
Global
	GlobalSection(SolutionConfigurationPlatforms) = preSolution
		Debug|Any CPU = Debug|Any CPU
		Release|Any CPU = Release|Any CPU
	EndGlobalSection
	GlobalSection(ProjectConfigurationPlatforms) = postSolution
		{D1B73E59-9691-4C9D-A174-9A13DC008890}.Debug|Any CPU.ActiveCfg = Debug|Any CPU
		{D1B73E59-9691-4C9D-A174-9A13DC008890}.Debug|Any CPU.Build.0 = Debug|Any CPU
		{D1B73E59-9691-4C9D-A174-9A13DC008890}.Release|Any CPU.ActiveCfg = Release|Any CPU
		{D1B73E59-9691-4C9D-A174-9A13DC008890}.Release|Any CPU.Build.0 = Release|Any CPU
		{5743D4E8-93D4-4183-BBCE-AD1CD60D0FFA}.Debug|Any CPU.ActiveCfg = Debug|Any CPU
		{5743D4E8-93D4-4183-BBCE-AD1CD60D0FFA}.Debug|Any CPU.Build.0 = Debug|Any CPU
		{5743D4E8-93D4-4183-BBCE-AD1CD60D0FFA}.Release|Any CPU.ActiveCfg = Release|Any CPU
		{5743D4E8-93D4-4183-BBCE-AD1CD60D0FFA}.Release|Any CPU.Build.0 = Release|Any CPU
		{9793BE93-31DE-474B-86BC-A56A470E9062}.Debug|Any CPU.ActiveCfg = Debug|Any CPU
		{9793BE93-31DE-474B-86BC-A56A470E9062}.Debug|Any CPU.Build.0 = Debug|Any CPU
		{9793BE93-31DE-474B-86BC-A56A470E9062}.Release|Any CPU.ActiveCfg = Release|Any CPU
		{9793BE93-31DE-474B-86BC-A56A470E9062}.Release|Any CPU.Build.0 = Release|Any CPU
		{4212A1F3-31EA-4809-923B-0AE10B6EA97D}.Debug|Any CPU.ActiveCfg = Debug|Any CPU
		{4212A1F3-31EA-4809-923B-0AE10B6EA97D}.Debug|Any CPU.Build.0 = Debug|Any CPU
		{4212A1F3-31EA-4809-923B-0AE10B6EA97D}.Release|Any CPU.ActiveCfg = Release|Any CPU
		{4212A1F3-31EA-4809-923B-0AE10B6EA97D}.Release|Any CPU.Build.0 = Release|Any CPU
		{C9CBD1CD-037D-4B65-AA50-FB650DC2E272}.Debug|Any CPU.ActiveCfg = Debug|Any CPU
		{C9CBD1CD-037D-4B65-AA50-FB650DC2E272}.Debug|Any CPU.Build.0 = Debug|Any CPU
		{C9CBD1CD-037D-4B65-AA50-FB650DC2E272}.Release|Any CPU.ActiveCfg = Release|Any CPU
		{C9CBD1CD-037D-4B65-AA50-FB650DC2E272}.Release|Any CPU.Build.0 = Release|Any CPU
		{CD5B7CC9-4B2B-4C3E-BC51-FA08C895C779}.Debug|Any CPU.ActiveCfg = Debug|Any CPU
		{CD5B7CC9-4B2B-4C3E-BC51-FA08C895C779}.Debug|Any CPU.Build.0 = Debug|Any CPU
		{CD5B7CC9-4B2B-4C3E-BC51-FA08C895C779}.Release|Any CPU.ActiveCfg = Release|Any CPU
		{CD5B7CC9-4B2B-4C3E-BC51-FA08C895C779}.Release|Any CPU.Build.0 = Release|Any CPU
		{F1BFFC16-F205-4F90-9DDE-93197D7D4F95}.Debug|Any CPU.ActiveCfg = Debug|Any CPU
		{F1BFFC16-F205-4F90-9DDE-93197D7D4F95}.Debug|Any CPU.Build.0 = Debug|Any CPU
		{F1BFFC16-F205-4F90-9DDE-93197D7D4F95}.Release|Any CPU.ActiveCfg = Release|Any CPU
		{F1BFFC16-F205-4F90-9DDE-93197D7D4F95}.Release|Any CPU.Build.0 = Release|Any CPU
		{1CF86E7B-3EF2-47CF-A3CB-25C1308EE118}.Debug|Any CPU.ActiveCfg = Debug|Any CPU
		{1CF86E7B-3EF2-47CF-A3CB-25C1308EE118}.Debug|Any CPU.Build.0 = Debug|Any CPU
		{1CF86E7B-3EF2-47CF-A3CB-25C1308EE118}.Release|Any CPU.ActiveCfg = Release|Any CPU
		{1CF86E7B-3EF2-47CF-A3CB-25C1308EE118}.Release|Any CPU.Build.0 = Release|Any CPU
		{9A6E6C8C-C2CB-48B1-AC45-DF05AC5CD9E6}.Debug|Any CPU.ActiveCfg = Debug|Any CPU
		{9A6E6C8C-C2CB-48B1-AC45-DF05AC5CD9E6}.Debug|Any CPU.Build.0 = Debug|Any CPU
		{9A6E6C8C-C2CB-48B1-AC45-DF05AC5CD9E6}.Release|Any CPU.ActiveCfg = Release|Any CPU
		{9A6E6C8C-C2CB-48B1-AC45-DF05AC5CD9E6}.Release|Any CPU.Build.0 = Release|Any CPU
	EndGlobalSection
	GlobalSection(SolutionProperties) = preSolution
		HideSolutionNode = FALSE
	EndGlobalSection
	GlobalSection(NestedProjects) = preSolution
		{D1B73E59-9691-4C9D-A174-9A13DC008890} = {03B7D9F2-067F-4551-8D06-AFB16C7CD81C}
		{5743D4E8-93D4-4183-BBCE-AD1CD60D0FFA} = {EE6882F6-DC43-423D-93EA-6580BC9432EC}
		{9793BE93-31DE-474B-86BC-A56A470E9062} = {03B7D9F2-067F-4551-8D06-AFB16C7CD81C}
		{4212A1F3-31EA-4809-923B-0AE10B6EA97D} = {03B7D9F2-067F-4551-8D06-AFB16C7CD81C}
		{C9CBD1CD-037D-4B65-AA50-FB650DC2E272} = {03B7D9F2-067F-4551-8D06-AFB16C7CD81C}
		{CD5B7CC9-4B2B-4C3E-BC51-FA08C895C779} = {6E6CC461-F197-4E6B-B447-EA1E1FDD694D}
		{F1BFFC16-F205-4F90-9DDE-93197D7D4F95} = {6E6CC461-F197-4E6B-B447-EA1E1FDD694D}
		{1CF86E7B-3EF2-47CF-A3CB-25C1308EE118} = {13AFD173-43C6-4FAA-920D-3815A19D9A6F}
		{9A6E6C8C-C2CB-48B1-AC45-DF05AC5CD9E6} = {EE6882F6-DC43-423D-93EA-6580BC9432EC}
	EndGlobalSection
	GlobalSection(ExtensibilityGlobals) = postSolution
		SolutionGuid = {FE0E8AC1-9CC5-4F83-A7A2-6D1618271EA6}
	EndGlobalSection
EndGlobal
